{
  "name": "novella-justif-oracle",
  "lockfileVersion": 3,
  "requires": true,
  "packages": {
    "": {
      "name": "novella-justif-oracle",
      "license": "MPL-2.0",
      "dependencies": {
        "justif": "0.4.2"
      }
    },
    "node_modules/justif": {
      "version": "0.4.2",
      "resolved": "https://registry.npmjs.org/justif/-/justif-0.4.2.tgz",
      "integrity": "sha512-iIz5Wj81+AmSxeUzTQXa+fr6H8y39mGTE9oQj5Xr5M7SHKx0tRVtsXA5PuZ4SmVSle+KkwSTm2FUqhC6WUYcEw==",
      "license": "MIT"
    }
  }
}
